
Microsoft Visual Studio Solution File, Format Version 12.00
# Visual Studio Version 16
VisualStudioVersion = 16.0.28922.388
MinimumVisualStudioVersion = 10.0.40219.1
Project("{9A19103F-16F7-4668-BE54-9A1E7A4F7556}") = "MoqTraining", "MoqTraining\MoqTraining.csproj", "{FFCFECDA-133D-4F48-95AF-97187C963A4A}"
EndProject
Project("{9A19103F-16F7-4668-BE54-9A1E7A4F7556}") = "XUnitTestProject1", "XUnitTestProject1\XUnitTestProject1.csproj", "{576E7E86-AC22-490A-9A8B-0FA08931C580}"
EndProject
Project("{FAE04EC0-301F-11D3-BF4B-00C04F79EFBC}") = "MSTestMock", "MSTest\MSTestMock.csproj", "{88530EF3-F27E-4B97-BA47-D683B33C4C85}"
EndProject
Global
	GlobalSection(SolutionConfigurationPlatforms) = preSolution
		Debug|Any CPU = Debug|Any CPU
		Release|Any CPU = Release|Any CPU
	EndGlobalSection
	GlobalSection(ProjectConfigurationPlatforms) = postSolution
		{FFCFECDA-133D-4F48-95AF-97187C963A4A}.Debug|Any CPU.ActiveCfg = Debug|Any CPU
		{FFCFECDA-133D-4F48-95AF-97187C963A4A}.Debug|Any CPU.Build.0 = Debug|Any CPU
		{FFCFECDA-133D-4F48-95AF-97187C963A4A}.Release|Any CPU.ActiveCfg = Release|Any CPU
		{FFCFECDA-133D-4F48-95AF-97187C963A4A}.Release|Any CPU.Build.0 = Release|Any CPU
		{576E7E86-AC22-490A-9A8B-0FA08931C580}.Debug|Any CPU.ActiveCfg = Debug|Any CPU
		{576E7E86-AC22-490A-9A8B-0FA08931C580}.Debug|Any CPU.Build.0 = Debug|Any CPU
		{576E7E86-AC22-490A-9A8B-0FA08931C580}.Release|Any CPU.ActiveCfg = Release|Any CPU
		{576E7E86-AC22-490A-9A8B-0FA08931C580}.Release|Any CPU.Build.0 = Release|Any CPU
		{88530EF3-F27E-4B97-BA47-D683B33C4C85}.Debug|Any CPU.ActiveCfg = Debug|Any CPU
		{88530EF3-F27E-4B97-BA47-D683B33C4C85}.Debug|Any CPU.Build.0 = Debug|Any CPU
		{88530EF3-F27E-4B97-BA47-D683B33C4C85}.Release|Any CPU.ActiveCfg = Release|Any CPU
		{88530EF3-F27E-4B97-BA47-D683B33C4C85}.Release|Any CPU.Build.0 = Release|Any CPU
	EndGlobalSection
	GlobalSection(SolutionProperties) = preSolution
		HideSolutionNode = FALSE
	EndGlobalSection
	GlobalSection(ExtensibilityGlobals) = postSolution
		SolutionGuid = {8723480B-85FF-49F4-B599-DB6CCEA15D7F}
	EndGlobalSection
EndGlobal
